{
  "object": {
    "pins": [
      {
        "package": "QRCode",
        "repositoryURL": "https://github.com/dagronf/qrcode.git",
        "state": {
          "branch": null,
          "revision": "6aec3d9c50f4c36798e2bb4c6dfbfd6b00bff96e",
          "version": "20.1.3"
        }
      },
      {
        "package": "SnapKit",
        "repositoryURL": "https://github.com/SnapKit/SnapKit.git",
        "state": {
          "branch": null,
          "revision": "2842e6e84e82eb9a8dac0100ca90d9444b0307f4",
          "version": "5.7.1"
        }
      },
      {
        "package": "swift-qrcode-generator",
        "repositoryURL": "https://github.com/dagronf/swift-qrcode-generator",
        "state": {
          "branch": null,
          "revision": "2b1980b825f08a81ccc762b0c4d17fcde9d5e953",
          "version": "2.0.2"
        }
      },
      {
        "package": "SwiftImageReadWrite",
        "repositoryURL": "https://github.com/dagronf/SwiftImageReadWrite",
        "state": {
          "branch": null,
          "revision": "016a9cb842038e4078a91e506e35cef4f4ff76ff",
          "version": "1.7.2"
        }
      }
    ]
  },
  "version": 1
}
