PODS:
  - DSF_QRCode (20.0.0):
    - SwiftImageReadWrite (~> 1.7.2)
    - SwiftQRCodeGenerator (~> 2.0.2)
  - EiteiQR (3.6.0):
    - DSF_QRCode (~> 20.0.0)
    - SnapKit (~> 5.7.0)
  - SnapKit (5.7.1)
  - SwiftImageReadWrite (1.7.2)
  - SwiftQRCodeGenerator (2.0.2)

DEPENDENCIES:
  - EiteiQR (from `https://github.com/JunEitei/EiteiQR`)

SPEC REPOS:
  trunk:
    - DSF_QRCode
    - SnapKit
    - SwiftImageReadWrite
    - SwiftQRCodeGenerator

EXTERNAL SOURCES:
  EiteiQR:
    :git: https://github.com/JunEitei/EiteiQR

CHECKOUT OPTIONS:
  EiteiQR:
    :commit: 38a1a2f48b04234570dc9bed2fd345eb0cb88091
    :git: https://github.com/JunEitei/EiteiQR

SPEC CHECKSUMS:
  DSF_QRCode: 6558f9b71f29ddbedd546e524f6d5e505841c5c6
  EiteiQR: 22b069b2661d7863b931e2d0b54a6a9b9d2b2a38
  SnapKit: d612e99e678a2d3b95bf60b0705ed0a35c03484a
  SwiftImageReadWrite: ef6dfb4a78a0142a62c89cacf549623b26961fd3
  SwiftQRCodeGenerator: cc02fed209335064d0b0dd61b2a0874b9bc6bd5a

PODFILE CHECKSUM: 923c77cfd6474a46677772bd17b9c8f4b43f5266

COCOAPODS: 1.15.2
